
Microsoft Visual Studio Solution File, Format Version 12.00
Project("{2150E333-8FDC-42A3-9474-1A3956D46DE8}") = "1. Presentaciones", "1. Presentaciones", "{54F46A97-680D-4AB9-9EC4-DF01BEF17219}"
EndProject
Project("{2150E333-8FDC-42A3-9474-1A3956D46DE8}") = "2. Servicios", "2. Servicios", "{4A84BA75-65FA-4AB6-B565-0BF88960E992}"
EndProject
Project("{2150E333-8FDC-42A3-9474-1A3956D46DE8}") = "3. Nucleo", "3. Nucleo", "{B233279D-A25C-4FA6-B770-BA660663FD46}"
EndProject
Project("{2150E333-8FDC-42A3-9474-1A3956D46DE8}") = "4. Pruebas Unitarias", "4. Pruebas Unitarias", "{5C383338-68FB-43EE-9975-E7651EA3382C}"
EndProject
Global
	GlobalSection(SolutionConfigurationPlatforms) = preSolution
		Debug|Any CPU = Debug|Any CPU
		Release|Any CPU = Release|Any CPU
	EndGlobalSection
	GlobalSection(ProjectConfigurationPlatforms) = postSolution
	EndGlobalSection
EndGlobal
